{
  "name": "helper",
  "lockfileVersion": 3,
  "requires": true,
  "packages": {
    "": {
      "dependencies": {
        "ngx-qrcode": "^0.1.0-rc.1"
      }
    },
    "node_modules/ngx-qrcode": {
      "version": "0.1.0-rc.1",
      "resolved": "https://registry.npmjs.org/ngx-qrcode/-/ngx-qrcode-0.1.0-rc.1.tgz",
      "integrity": "sha512-w2Uy6vn+XEQftT/FmXUQxjdQgUXLKWwW513nxfzMyF/GLaiE71YYhTb2keTzFnjY7iHqa6rdd5C6luImdnvong==",
      "license": "MIT",
      "dependencies": {
        "qrcode-generator": "git+https://github.com/nacardin/qrcode-generator.git#58a164f160296cf6d7972694016b70bd91eeb019"
      }
    },
    "node_modules/qrcode-generator": {
      "version": "1.0.7",
      "resolved": "git+ssh://git@github.com/nacardin/qrcode-generator.git#58a164f160296cf6d7972694016b70bd91eeb019",
      "integrity": "sha512-3lqgBX9FMlC3M1TBDVCpg2e39ZI71FSeKtHYFp0VGSgxyaHXkVZhKWUDrW8/MTcf+2C07aNQMWAyIg+UUN7FCA==",
      "license": "MIT"
    }
  }
}
